// !$*UTF8*$!
{
	archiveVersion = 1;
	classes = {
	};
	objectVersion = 46;
	objects = {

/* Begin PBXBuildFile section */
		883C456D1C90F19E000EBBA9 /* main.m in Sources */ = {isa = PBXBuildFile; fileRef = 883C456C1C90F19E000EBBA9 /* main.m */; };
		883C45701C90F19E000EBBA9 /* AppDelegate.m in Sources */ = {isa = PBXBuildFile; fileRef = 883C456F1C90F19E000EBBA9 /* AppDelegate.m */; };
		883C45731C90F19E000EBBA9 /* ViewController.m in Sources */ = {isa = PBXBuildFile; fileRef = 883C45721C90F19E000EBBA9 /* ViewController.m */; };
		883C45761C90F19E000EBBA9 /* Main.storyboard in Resources */ = {isa = PBXBuildFile; fileRef = 883C45741C90F19E000EBBA9 /* Main.storyboard */; };
		883C45781C90F19E000EBBA9 /* Assets.xcassets in Resources */ = {isa = PBXBuildFile; fileRef = 883C45771C90F19E000EBBA9 /* Assets.xcassets */; };
		883C457B1C90F19E000EBBA9 /* LaunchScreen.storyboard in Resources */ = {isa = PBXBuildFile; fileRef = 883C45791C90F19E000EBBA9 /* LaunchScreen.storyboard */; };
		883C45861C90F19F000EBBA9 /* AlcolatorTests.m in Sources */ = {isa = PBXBuildFile; fileRef = 883C45851C90F19F000EBBA9 /* AlcolatorTests.m */; };
		883C45911C90F19F000EBBA9 /* AlcolatorUITests.m in Sources */ = {isa = PBXBuildFile; fileRef = 883C45901C90F19F000EBBA9 /* AlcolatorUITests.m */; };
		883C45A01C9108B8000EBBA9 /* WhiskeyViewController.m in Sources */ = {isa = PBXBuildFile; fileRef = 883C459F1C9108B8000EBBA9 /* WhiskeyViewController.m */; };
		883C45A31C9108CF000EBBA9 /* WineViewController.m in Sources */ = {isa = PBXBuildFile; fileRef = 883C45A21C9108CF000EBBA9 /* WineViewController.m */; };
/* End PBXBuildFile section */

/* Begin PBXContainerItemProxy section */
		883C45821C90F19F000EBBA9 /* PBXContainerItemProxy */ = {
			isa = PBXContainerItemProxy;
			containerPortal = 883C45601C90F19E000EBBA9 /* Project object */;
			proxyType = 1;
			remoteGlobalIDString = 883C45671C90F19E000EBBA9;
			remoteInfo = Alcolator;
		};
		883C458D1C90F19F000EBBA9 /* PBXContainerItemProxy */ = {
			isa = PBXContainerItemProxy;
			containerPortal = 883C45601C90F19E000EBBA9 /* Project object */;
			proxyType = 1;
			remoteGlobalIDString = 883C45671C90F19E000EBBA9;
			remoteInfo = Alcolator;
		};
/* End PBXContainerItemProxy section */

/* Begin PBXFileReference section */
		883C45681C90F19E000EBBA9 /* Alcolator.app */ = {isa = PBXFileReference; explicitFileType = wrapper.application; includeInIndex = 0; path = Alcolator.app; sourceTree = BUILT_PRODUCTS_DIR; };
		883C456C1C90F19E000EBBA9 /* main.m */ = {isa = PBXFileReference; lastKnownFileType = sourcecode.c.objc; path = main.m; sourceTree = "<group>"; };
		883C456E1C90F19E000EBBA9 /* AppDelegate.h */ = {isa = PBXFileReference; lastKnownFileType = sourcecode.c.h; path = AppDelegate.h; sourceTree = "<group>"; };
		883C456F1C90F19E000EBBA9 /* AppDelegate.m */ = {isa = PBXFileReference; lastKnownFileType = sourcecode.c.objc; path = AppDelegate.m; sourceTree = "<group>"; };
		883C45711C90F19E000EBBA9 /* ViewController.h */ = {isa = PBXFileReference; lastKnownFileType = sourcecode.c.h; path = ViewController.h; sourceTree = "<group>"; };
		883C45721C90F19E000EBBA9 /* ViewController.m */ = {isa = PBXFileReference; lastKnownFileType = sourcecode.c.objc; path = ViewController.m; sourceTree = "<group>"; };
		883C45751C90F19E000EBBA9 /* Base */ = {isa = PBXFileReference; lastKnownFileType = file.storyboard; name = Base; path = Base.lproj/Main.storyboard; sourceTree = "<group>"; };
		883C45771C90F19E000EBBA9 /* Assets.xcassets */ = {isa = PBXFileReference; lastKnownFileType = folder.assetcatalog; path = Assets.xcassets; sourceTree = "<group>"; };
		883C457A1C90F19E000EBBA9 /* Base */ = {isa = PBXFileReference; lastKnownFileType = file.storyboard; name = Base; path = Base.lproj/LaunchScreen.storyboard; sourceTree = "<group>"; };
		883C457C1C90F19E000EBBA9 /* Info.plist */ = {isa = PBXFileReference; lastKnownFileType = text.plist.xml; path = Info.plist; sourceTree = "<group>"; };
		883C45811C90F19F000EBBA9 /* AlcolatorTests.xctest */ = {isa = PBXFileReference; explicitFileType = wrapper.cfbundle; includeInIndex = 0; path = AlcolatorTests.xctest; sourceTree = BUILT_PRODUCTS_DIR; };
		883C45851C90F19F000EBBA9 /* AlcolatorTests.m */ = {isa = PBXFileReference; lastKnownFileType = sourcecode.c.objc; path = AlcolatorTests.m; sourceTree = "<group>"; };
		883C45871C90F19F000EBBA9 /* Info.plist */ = {isa = PBXFileReference; lastKnownFileType = text.plist.xml; path = Info.plist; sourceTree = "<group>"; };
		883C458C1C90F19F000EBBA9 /* AlcolatorUITests.xctest */ = {isa = PBXFileReference; explicitFileType = wrapper.cfbundle; includeInIndex = 0; path = AlcolatorUITests.xctest; sourceTree = BUILT_PRODUCTS_DIR; };
		883C45901C90F19F000EBBA9 /* AlcolatorUITests.m */ = {isa = PBXFileReference; lastKnownFileType = sourcecode.c.objc; path = AlcolatorUITests.m; sourceTree = "<group>"; };
		883C45921C90F19F000EBBA9 /* Info.plist */ = {isa = PBXFileReference; lastKnownFileType = text.plist.xml; path = Info.plist; sourceTree = "<group>"; };
		883C459E1C9108B8000EBBA9 /* WhiskeyViewController.h */ = {isa = PBXFileReference; fileEncoding = 4; lastKnownFileType = sourcecode.c.h; path = WhiskeyViewController.h; sourceTree = "<group>"; };
		883C459F1C9108B8000EBBA9 /* WhiskeyViewController.m */ = {isa = PBXFileReference; fileEncoding = 4; lastKnownFileType = sourcecode.c.objc; path = WhiskeyViewController.m; sourceTree = "<group>"; };
		883C45A11C9108CF000EBBA9 /* WineViewController.h */ = {isa = PBXFileReference; fileEncoding = 4; lastKnownFileType = sourcecode.c.h; path = WineViewController.h; sourceTree = "<group>"; };
		883C45A21C9108CF000EBBA9 /* WineViewController.m */ = {isa = PBXFileReference; fileEncoding = 4; lastKnownFileType = sourcecode.c.objc; path = WineViewController.m; sourceTree = "<group>"; };
/* End PBXFileReference section */

/* Begin PBXFrameworksBuildPhase section */
		883C45651C90F19E000EBBA9 /* Frameworks */ = {
			isa = PBXFrameworksBuildPhase;
			buildActionMask = 2147483647;
			files = (
			);
			runOnlyForDeploymentPostprocessing = 0;
		};
		883C457E1C90F19F000EBBA9 /* Frameworks */ = {
			isa = PBXFrameworksBuildPhase;
			buildActionMask = 2147483647;
			files = (
			);
			runOnlyForDeploymentPostprocessing = 0;
		};
		883C45891C90F19F000EBBA9 /* Frameworks */ = {
			isa = PBXFrameworksBuildPhase;
			buildActionMask = 2147483647;
			files = (
			);
			runOnlyForDeploymentPostprocessing = 0;
		};
/* End PBXFrameworksBuildPhase section */

/* Begin PBXGroup section */
		883C455F1C90F19E000EBBA9 = {
			isa = PBXGroup;
			children = (
				883C456A1C90F19E000EBBA9 /* Alcolator */,
				883C45841C90F19F000EBBA9 /* AlcolatorTests */,
				883C458F1C90F19F000EBBA9 /* AlcolatorUITests */,
				883C45691C90F19E000EBBA9 /* Products */,
			);
			sourceTree = "<group>";
		};
		883C45691C90F19E000EBBA9 /* Products */ = {
			isa = PBXGroup;
			children = (
				883C45681C90F19E000EBBA9 /* Alcolator.app */,
				883C45811C90F19F000EBBA9 /* AlcolatorTests.xctest */,
				883C458C1C90F19F000EBBA9 /* AlcolatorUITests.xctest */,
			);
			name = Products;
			sourceTree = "<group>";
		};
		883C456A1C90F19E000EBBA9 /* Alcolator */ = {
			isa = PBXGroup;
			children = (
				883C456E1C90F19E000EBBA9 /* AppDelegate.h */,
				883C456F1C90F19E000EBBA9 /* AppDelegate.m */,
				883C45711C90F19E000EBBA9 /* ViewController.h */,
				883C45721C90F19E000EBBA9 /* ViewController.m */,
				883C45741C90F19E000EBBA9 /* Main.storyboard */,
				883C45771C90F19E000EBBA9 /* Assets.xcassets */,
				883C45791C90F19E000EBBA9 /* LaunchScreen.storyboard */,
				883C457C1C90F19E000EBBA9 /* Info.plist */,
				883C456B1C90F19E000EBBA9 /* Supporting Files */,
				883C459E1C9108B8000EBBA9 /* WhiskeyViewController.h */,
				883C459F1C9108B8000EBBA9 /* WhiskeyViewController.m */,
				883C45A11C9108CF000EBBA9 /* WineViewController.h */,
				883C45A21C9108CF000EBBA9 /* WineViewController.m */,
			);
			path = Alcolator;
			sourceTree = "<group>";
		};
		883C456B1C90F19E000EBBA9 /* Supporting Files */ = {
			isa = PBXGroup;
			children = (
				883C456C1C90F19E000EBBA9 /* main.m */,
			);
			name = "Supporting Files";
			sourceTree = "<group>";
		};
		883C45841C90F19F000EBBA9 /* AlcolatorTests */ = {
			isa = PBXGroup;
			children = (
				883C45851C90F19F000EBBA9 /* AlcolatorTests.m */,
				883C45871C90F19F000EBBA9 /* Info.plist */,
			);
			path = AlcolatorTests;
			sourceTree = "<group>";
		};
		883C458F1C90F19F000EBBA9 /* AlcolatorUITests */ = {
			isa = PBXGroup;
			children = (
				883C45901C90F19F000EBBA9 /* AlcolatorUITests.m */,
				883C45921C90F19F000EBBA9 /* Info.plist */,
			);
			path = AlcolatorUITests;
			sourceTree = "<group>";
		};
/* End PBXGroup section */

/* Begin PBXNativeTarget section */
		883C45671C90F19E000EBBA9 /* Alcolator */ = {
			isa = PBXNativeTarget;
			buildConfigurationList = 883C45951C90F19F000EBBA9 /* Build configuration list for PBXNativeTarget "Alcolator" */;
			buildPhases = (
				883C45641C90F19E000EBBA9 /* Sources */,
				883C45651C90F19E000EBBA9 /* Frameworks */,
				883C45661C90F19E000EBBA9 /* Resources */,
			);
			buildRules = (
			);
			dependencies = (
			);
			name = Alcolator;
			productName = Alcolator;
			productReference = 883C45681C90F19E000EBBA9 /* Alcolator.app */;
			productType = "com.apple.product-type.application";
		};
		883C45801C90F19F000EBBA9 /* AlcolatorTests */ = {
			isa = PBXNativeTarget;
			buildConfigurationList = 883C45981C90F19F000EBBA9 /* Build configuration list for PBXNativeTarget "AlcolatorTests" */;
			buildPhases = (
				883C457D1C90F19F000EBBA9 /* Sources */,
				883C457E1C90F19F000EBBA9 /* Frameworks */,
				883C457F1C90F19F000EBBA9 /* Resources */,
			);
			buildRules = (
			);
			dependencies = (
				883C45831C90F19F000EBBA9 /* PBXTargetDependency */,
			);
			name = AlcolatorTests;
			productName = AlcolatorTests;
			productReference = 883C45811C90F19F000EBBA9 /* AlcolatorTests.xctest */;
			productType = "com.apple.product-type.bundle.unit-test";
		};
		883C458B1C90F19F000EBBA9 /* AlcolatorUITests */ = {
			isa = PBXNativeTarget;
			buildConfigurationList = 883C459B1C90F19F000EBBA9 /* Build configuration list for PBXNativeTarget "AlcolatorUITests" */;
			buildPhases = (
				883C45881C90F19F000EBBA9 /* Sources */,
				883C45891C90F19F000EBBA9 /* Frameworks */,
				883C458A1C90F19F000EBBA9 /* Resources */,
			);
			buildRules = (
			);
			dependencies = (
				883C458E1C90F19F000EBBA9 /* PBXTargetDependency */,
			);
			name = AlcolatorUITests;
			productName = AlcolatorUITests;
			productReference = 883C458C1C90F19F000EBBA9 /* AlcolatorUITests.xctest */;
			productType = "com.apple.product-type.bundle.ui-testing";
		};
/* End PBXNativeTarget section */

/* Begin PBXProject section */
		883C45601C90F19E000EBBA9 /* Project object */ = {
			isa = PBXProject;
			attributes = {
				LastUpgradeCheck = 0720;
				ORGANIZATIONNAME = Bloc;
				TargetAttributes = {
					883C45671C90F19E000EBBA9 = {
						CreatedOnToolsVersion = 7.2.1;
					};
					883C45801C90F19F000EBBA9 = {
						CreatedOnToolsVersion = 7.2.1;
						TestTargetID = 883C45671C90F19E000EBBA9;
					};
					883C458B1C90F19F000EBBA9 = {
						CreatedOnToolsVersion = 7.2.1;
						TestTargetID = 883C45671C90F19E000EBBA9;
					};
				};
			};
			buildConfigurationList = 883C45631C90F19E000EBBA9 /* Build configuration list for PBXProject "Alcolator" */;
			compatibilityVersion = "Xcode 3.2";
			developmentRegion = English;
			hasScannedForEncodings = 0;
			knownRegions = (
				en,
				Base,
			);
			mainGroup = 883C455F1C90F19E000EBBA9;
			productRefGroup = 883C45691C90F19E000EBBA9 /* Products */;
			projectDirPath = "";
			projectRoot = "";
			targets = (
				883C45671C90F19E000EBBA9 /* Alcolator */,
				883C45801C90F19F000EBBA9 /* AlcolatorTests */,
				883C458B1C90F19F000EBBA9 /* AlcolatorUITests */,
			);
		};
/* End PBXProject section */

/* Begin PBXResourcesBuildPhase section */
		883C45661C90F19E000EBBA9 /* Resources */ = {
			isa = PBXResourcesBuildPhase;
			buildActionMask = 2147483647;
			files = (
				883C457B1C90F19E000EBBA9 /* LaunchScreen.storyboard in Resources */,
				883C45781C90F19E000EBBA9 /* Assets.xcassets in Resources */,
				883C45761C90F19E000EBBA9 /* Main.storyboard in Resources */,
			);
			runOnlyForDeploymentPostprocessing = 0;
		};
		883C457F1C90F19F000EBBA9 /* Resources */ = {
			isa = PBXResourcesBuildPhase;
			buildActionMask = 2147483647;
			files = (
			);
			runOnlyForDeploymentPostprocessing = 0;
		};
		883C458A1C90F19F000EBBA9 /* Resources */ = {
			isa = PBXResourcesBuildPhase;
			buildActionMask = 2147483647;
			files = (
			);
			runOnlyForDeploymentPostprocessing = 0;
		};
/* End PBXResourcesBuildPhase section */

/* Begin PBXSourcesBuildPhase section */
		883C45641C90F19E000EBBA9 /* Sources */ = {
			isa = PBXSourcesBuildPhase;
			buildActionMask = 2147483647;
			files = (
				883C45731C90F19E000EBBA9 /* ViewController.m in Sources */,
				883C45A31C9108CF000EBBA9 /* WineViewController.m in Sources */,
				883C45A01C9108B8000EBBA9 /* WhiskeyViewController.m in Sources */,
				883C45701C90F19E000EBBA9 /* AppDelegate.m in Sources */,
				883C456D1C90F19E000EBBA9 /* main.m in Sources */,
			);
			runOnlyForDeploymentPostprocessing = 0;
		};
		883C457D1C90F19F000EBBA9 /* Sources */ = {
			isa = PBXSourcesBuildPhase;
			buildActionMask = 2147483647;
			files = (
				883C45861C90F19F000EBBA9 /* AlcolatorTests.m in Sources */,
			);
			runOnlyForDeploymentPostprocessing = 0;
		};
		883C45881C90F19F000EBBA9 /* Sources */ = {
			isa = PBXSourcesBuildPhase;
			buildActionMask = 2147483647;
			files = (
				883C45911C90F19F000EBBA9 /* AlcolatorUITests.m in Sources */,
			);
			runOnlyForDeploymentPostprocessing = 0;
		};
/* End PBXSourcesBuildPhase section */

/* Begin PBXTargetDependency section */
		883C45831C90F19F000EBBA9 /* PBXTargetDependency */ = {
			isa = PBXTargetDependency;
			target = 883C45671C90F19E000EBBA9 /* Alcolator */;
			targetProxy = 883C45821C90F19F000EBBA9 /* PBXContainerItemProxy */;
		};
		883C458E1C90F19F000EBBA9 /* PBXTargetDependency */ = {
			isa = PBXTargetDependency;
			target = 883C45671C90F19E000EBBA9 /* Alcolator */;
			targetProxy = 883C458D1C90F19F000EBBA9 /* PBXContainerItemProxy */;
		};
/* End PBXTargetDependency section */

/* Begin PBXVariantGroup section */
		883C45741C90F19E000EBBA9 /* Main.storyboard */ = {
			isa = PBXVariantGroup;
			children = (
				883C45751C90F19E000EBBA9 /* Base */,
			);
			name = Main.storyboard;
			sourceTree = "<group>";
		};
		883C45791C90F19E000EBBA9 /* LaunchScreen.storyboard */ = {
			isa = PBXVariantGroup;
			children = (
				883C457A1C90F19E000EBBA9 /* Base */,
			);
			name = LaunchScreen.storyboard;
			sourceTree = "<group>";
		};
/* End PBXVariantGroup section */

/* Begin XCBuildConfiguration section */
		883C45931C90F19F000EBBA9 /* Debug */ = {
			isa = XCBuildConfiguration;
			buildSettings = {
				ALWAYS_SEARCH_USER_PATHS = NO;
				CLANG_CXX_LANGUAGE_STANDARD = "gnu++0x";
				CLANG_CXX_LIBRARY = "libc++";
				CLANG_ENABLE_MODULES = YES;
				CLANG_ENABLE_OBJC_ARC = YES;
				CLANG_WARN_BOOL_CONVERSION = YES;
				CLANG_WARN_CONSTANT_CONVERSION = YES;
				CLANG_WARN_DIRECT_OBJC_ISA_USAGE = YES_ERROR;
				CLANG_WARN_EMPTY_BODY = YES;
				CLANG_WARN_ENUM_CONVERSION = YES;
				CLANG_WARN_INT_CONVERSION = YES;
				CLANG_WARN_OBJC_ROOT_CLASS = YES_ERROR;
				CLANG_WARN_UNREACHABLE_CODE = YES;
				CLANG_WARN__DUPLICATE_METHOD_MATCH = YES;
				"CODE_SIGN_IDENTITY[sdk=iphoneos*]" = "iPhone Developer";
				COPY_PHASE_STRIP = NO;
				DEBUG_INFORMATION_FORMAT = dwarf;
				ENABLE_STRICT_OBJC_MSGSEND = YES;
				ENABLE_TESTABILITY = YES;
				GCC_C_LANGUAGE_STANDARD = gnu99;
				GCC_DYNAMIC_NO_PIC = NO;
				GCC_NO_COMMON_BLOCKS = YES;
				GCC_OPTIMIZATION_LEVEL = 0;
				GCC_PREPROCESSOR_DEFINITIONS = (
					"DEBUG=1",
					"$(inherited)",
				);
				GCC_WARN_64_TO_32_BIT_CONVERSION = YES;
				GCC_WARN_ABOUT_RETURN_TYPE = YES_ERROR;
				GCC_WARN_UNDECLARED_SELECTOR = YES;
				GCC_WARN_UNINITIALIZED_AUTOS = YES_AGGRESSIVE;
				GCC_WARN_UNUSED_FUNCTION = YES;
				GCC_WARN_UNUSED_VARIABLE = YES;
				IPHONEOS_DEPLOYMENT_TARGET = 9.2;
				MTL_ENABLE_DEBUG_INFO = YES;
				ONLY_ACTIVE_ARCH = YES;
				SDKROOT = iphoneos;
				TARGETED_DEVICE_FAMILY = "1,2";
			};
			name = Debug;
		};
		883C45941C90F19F000EBBA9 /* Release */ = {
			isa = XCBuildConfiguration;
			buildSettings = {
				ALWAYS_SEARCH_USER_PATHS = NO;
				CLANG_CXX_LANGUAGE_STANDARD = "gnu++0x";
				CLANG_CXX_LIBRARY = "libc++";
				CLANG_ENABLE_MODULES = YES;
				CLANG_ENABLE_OBJC_ARC = YES;
				CLANG_WARN_BOOL_CONVERSION = YES;
				CLANG_WARN_CONSTANT_CONVERSION = YES;
				CLANG_WARN_DIRECT_OBJC_ISA_USAGE = YES_ERROR;
				CLANG_WARN_EMPTY_BODY = YES;
				CLANG_WARN_ENUM_CONVERSION = YES;
				CLANG_WARN_INT_CONVERSION = YES;
				CLANG_WARN_OBJC_ROOT_CLASS = YES_ERROR;
				CLANG_WARN_UNREACHABLE_CODE = YES;
				CLANG_WARN__DUPLICATE_METHOD_MATCH = YES;
				"CODE_SIGN_IDENTITY[sdk=iphoneos*]" = "iPhone Developer";
				COPY_PHASE_STRIP = NO;
				DEBUG_INFORMATION_FORMAT = "dwarf-with-dsym";
				ENABLE_NS_ASSERTIONS = NO;
				ENABLE_STRICT_OBJC_MSGSEND = YES;
				GCC_C_LANGUAGE_STANDARD = gnu99;
				GCC_NO_COMMON_BLOCKS = YES;
				GCC_WARN_64_TO_32_BIT_CONVERSION = YES;
				GCC_WARN_ABOUT_RETURN_TYPE = YES_ERROR;
				GCC_WARN_UNDECLARED_SELECTOR = YES;
				GCC_WARN_UNINITIALIZED_AUTOS = YES_AGGRESSIVE;
				GCC_WARN_UNUSED_FUNCTION = YES;
				GCC_WARN_UNUSED_VARIABLE = YES;
				IPHONEOS_DEPLOYMENT_TARGET = 9.2;
				MTL_ENABLE_DEBUG_INFO = NO;
				SDKROOT = iphoneos;
				TARGETED_DEVICE_FAMILY = "1,2";
				VALIDATE_PRODUCT = YES;
			};
			name = Release;
		};
		883C45961C90F19F000EBBA9 /* Debug */ = {
			isa = XCBuildConfiguration;
			buildSettings = {
				ASSETCATALOG_COMPILER_APPICON_NAME = AppIcon;
				INFOPLIST_FILE = Alcolator/Info.plist;
				LD_RUNPATH_SEARCH_PATHS = "$(inherited) @executable_path/Frameworks";
				PRODUCT_BUNDLE_IDENTIFIER = com.Bloc.Alcolator;
				PRODUCT_NAME = "$(TARGET_NAME)";
			};
			name = Debug;
		};
		883C45971C90F19F000EBBA9 /* Release */ = {
			isa = XCBuildConfiguration;
			buildSettings = {
				ASSETCATALOG_COMPILER_APPICON_NAME = AppIcon;
				INFOPLIST_FILE = Alcolator/Info.plist;
				LD_RUNPATH_SEARCH_PATHS = "$(inherited) @executable_path/Frameworks";
				PRODUCT_BUNDLE_IDENTIFIER = com.Bloc.Alcolator;
				PRODUCT_NAME = "$(TARGET_NAME)";
			};
			name = Release;
		};
		883C45991C90F19F000EBBA9 /* Debug */ = {
			isa = XCBuildConfiguration;
			buildSettings = {
				BUNDLE_LOADER = "$(TEST_HOST)";
				INFOPLIST_FILE = AlcolatorTests/Info.plist;
				LD_RUNPATH_SEARCH_PATHS = "$(inherited) @executable_path/Frameworks @loader_path/Frameworks";
				PRODUCT_BUNDLE_IDENTIFIER = com.Bloc.AlcolatorTests;
				PRODUCT_NAME = "$(TARGET_NAME)";
				TEST_HOST = "$(BUILT_PRODUCTS_DIR)/Alcolator.app/Alcolator";
			};
			name = Debug;
		};
		883C459A1C90F19F000EBBA9 /* Release */ = {
			isa = XCBuildConfiguration;
			buildSettings = {
				BUNDLE_LOADER = "$(TEST_HOST)";
				INFOPLIST_FILE = AlcolatorTests/Info.plist;
				LD_RUNPATH_SEARCH_PATHS = "$(inherited) @executable_path/Frameworks @loader_path/Frameworks";
				PRODUCT_BUNDLE_IDENTIFIER = com.Bloc.AlcolatorTests;
				PRODUCT_NAME = "$(TARGET_NAME)";
				TEST_HOST = "$(BUILT_PRODUCTS_DIR)/Alcolator.app/Alcolator";
			};
			name = Release;
		};
		883C459C1C90F19F000EBBA9 /* Debug */ = {
			isa = XCBuildConfiguration;
			buildSettings = {
				INFOPLIST_FILE = AlcolatorUITests/Info.plist;
				LD_RUNPATH_SEARCH_PATHS = "$(inherited) @executable_path/Frameworks @loader_path/Frameworks";
				PRODUCT_BUNDLE_IDENTIFIER = com.Bloc.AlcolatorUITests;
				PRODUCT_NAME = "$(TARGET_NAME)";
				TEST_TARGET_NAME = Alcolator;
				USES_XCTRUNNER = YES;
			};
			name = Debug;
		};
		883C459D1C90F19F000EBBA9 /* Release */ = {
			isa = XCBuildConfiguration;
			buildSettings = {
				INFOPLIST_FILE = AlcolatorUITests/Info.plist;
				LD_RUNPATH_SEARCH_PATHS = "$(inherited) @executable_path/Frameworks @loader_path/Frameworks";
				PRODUCT_BUNDLE_IDENTIFIER = com.Bloc.AlcolatorUITests;
				PRODUCT_NAME = "$(TARGET_NAME)";
				TEST_TARGET_NAME = Alcolator;
				USES_XCTRUNNER = YES;
			};
			name = Release;
		};
/* End XCBuildConfiguration section */

/* Begin XCConfigurationList section */
		883C45631C90F19E000EBBA9 /* Build configuration list for PBXProject "Alcolator" */ = {
			isa = XCConfigurationList;
			buildConfigurations = (
				883C45931C90F19F000EBBA9 /* Debug */,
				883C45941C90F19F000EBBA9 /* Release */,
			);
			defaultConfigurationIsVisible = 0;
			defaultConfigurationName = Release;
		};
		883C45951C90F19F000EBBA9 /* Build configuration list for PBXNativeTarget "Alcolator" */ = {
			isa = XCConfigurationList;
			buildConfigurations = (
				883C45961C90F19F000EBBA9 /* Debug */,
				883C45971C90F19F000EBBA9 /* Release */,
			);
			defaultConfigurationIsVisible = 0;
			defaultConfigurationName = Release;
		};
		883C45981C90F19F000EBBA9 /* Build configuration list for PBXNativeTarget "AlcolatorTests" */ = {
			isa = XCConfigurationList;
			buildConfigurations = (
				883C45991C90F19F000EBBA9 /* Debug */,
				883C459A1C90F19F000EBBA9 /* Release */,
			);
			defaultConfigurationIsVisible = 0;
			defaultConfigurationName = Release;
		};
		883C459B1C90F19F000EBBA9 /* Build configuration list for PBXNativeTarget "AlcolatorUITests" */ = {
			isa = XCConfigurationList;
			buildConfigurations = (
				883C459C1C90F19F000EBBA9 /* Debug */,
				883C459D1C90F19F000EBBA9 /* Release */,
			);
			defaultConfigurationIsVisible = 0;
			defaultConfigurationName = Release;
		};
/* End XCConfigurationList section */
	};
	rootObject = 883C45601C90F19E000EBBA9 /* Project object */;
}
